
Microsoft Visual Studio Solution File, Format Version 12.00
# Visual Studio Version 17
VisualStudioVersion = 17.7.34202.233
MinimumVisualStudioVersion = 10.0.40219.1
Project("{FAE04EC0-301F-11D3-BF4B-00C04F79EFBC}") = "Soulfix", "Soulfix\Soulfix.csproj", "{FEFD5F07-F5D4-4383-B273-986546624802}"
EndProject
Global
	GlobalSection(SolutionConfigurationPlatforms) = preSolution
		Debug|Any CPU = Debug|Any CPU
		Release|Any CPU = Release|Any CPU
	EndGlobalSection
	GlobalSection(ProjectConfigurationPlatforms) = postSolution
		{FEFD5F07-F5D4-4383-B273-986546624802}.Debug|Any CPU.ActiveCfg = Debug|Any CPU
		{FEFD5F07-F5D4-4383-B273-986546624802}.Debug|Any CPU.Build.0 = Debug|Any CPU
		{FEFD5F07-F5D4-4383-B273-986546624802}.Release|Any CPU.ActiveCfg = Release|Any CPU
		{FEFD5F07-F5D4-4383-B273-986546624802}.Release|Any CPU.Build.0 = Release|Any CPU
	EndGlobalSection
	GlobalSection(SolutionProperties) = preSolution
		HideSolutionNode = FALSE
	EndGlobalSection
	GlobalSection(ExtensibilityGlobals) = postSolution
		SolutionGuid = {06D63BF1-7898-4CC9-A21A-6E61D790105E}
	EndGlobalSection
EndGlobal
